
Microsoft Visual Studio Solution File, Format Version 12.00
# Visual Studio Version 17
VisualStudioVersion = 17.4.33205.214
MinimumVisualStudioVersion = 10.0.40219.1
Project("{FAE04EC0-301F-11D3-BF4B-00C04F79EFBC}") = "TiendaServicios.Api.Autor", "TiendaServicios.Api.Autor\TiendaServicios.Api.Autor.csproj", "{96A0AD8E-5721-4D49-9F5F-C6BEF34D2452}"
EndProject
Global
	GlobalSection(SolutionConfigurationPlatforms) = preSolution
		Debug|Any CPU = Debug|Any CPU
		Release|Any CPU = Release|Any CPU
	EndGlobalSection
	GlobalSection(ProjectConfigurationPlatforms) = postSolution
		{96A0AD8E-5721-4D49-9F5F-C6BEF34D2452}.Debug|Any CPU.ActiveCfg = Debug|Any CPU
		{96A0AD8E-5721-4D49-9F5F-C6BEF34D2452}.Debug|Any CPU.Build.0 = Debug|Any CPU
		{96A0AD8E-5721-4D49-9F5F-C6BEF34D2452}.Release|Any CPU.ActiveCfg = Release|Any CPU
		{96A0AD8E-5721-4D49-9F5F-C6BEF34D2452}.Release|Any CPU.Build.0 = Release|Any CPU
	EndGlobalSection
	GlobalSection(SolutionProperties) = preSolution
		HideSolutionNode = FALSE
	EndGlobalSection
	GlobalSection(ExtensibilityGlobals) = postSolution
		SolutionGuid = {00A8DAB4-EFEC-4FCB-841F-B8EAB3F2D9BE}
	EndGlobalSection
EndGlobal
